
Microsoft Visual Studio Solution File, Format Version 12.00
# Visual Studio 15
VisualStudioVersion = 15.0.28010.2026
MinimumVisualStudioVersion = 10.0.40219.1
Project("{FAE04EC0-301F-11D3-BF4B-00C04F79EFBC}") = "ServiciosWeb.WebApi", "ServiciosWeb.WebApi\ServiciosWeb.WebApi.csproj", "{355A72B5-0937-4344-AA8B-69034FF6BDDE}"
EndProject
Project("{FAE04EC0-301F-11D3-BF4B-00C04F79EFBC}") = "ServiciosWeb.Datos", "ServiciosWeb.Datos\ServiciosWeb.Datos.csproj", "{34C1F764-ACDB-4779-8BFC-6FA0C37B3BE7}"
EndProject
Project("{FAE04EC0-301F-11D3-BF4B-00C04F79EFBC}") = "ServiciosWeb.Dominio", "ServiciosWeb.Dominio\ServiciosWeb.Dominio.csproj", "{B400B9E5-FB75-4DEE-B010-8B99DE659558}"
EndProject
Project("{FAE04EC0-301F-11D3-BF4B-00C04F79EFBC}") = "ServiciosWeb.ClienteWeb", "ServiciosWeb.ClienteWeb\ServiciosWeb.ClienteWeb.csproj", "{1D7A8E04-C43B-49A4-AD13-EFDC45658E15}"
EndProject
Project("{FAE04EC0-301F-11D3-BF4B-00C04F79EFBC}") = "SeguridadMVC", "SeguridadMVC\SeguridadMVC\SeguridadMVC.csproj", "{0745C667-B001-4E91-84D2-EA68B167BE30}"
EndProject
Project("{FAE04EC0-301F-11D3-BF4B-00C04F79EFBC}") = "UPC.ApiServicesProxy", "UPC.ApiServicesProxy\UPC.ApiServicesProxy.csproj", "{E3DB2A59-9D5E-4104-B801-467C4BFE4424}"
EndProject
Project("{2150E333-8FDC-42A3-9474-1A3956D46DE8}") = "2.Aplicacion", "2.Aplicacion", "{8F010C20-8E0C-47D7-AAE1-53268C1173C5}"
EndProject
Project("{2150E333-8FDC-42A3-9474-1A3956D46DE8}") = "1.Cliente", "1.Cliente", "{BA372BCA-E7A3-4579-A4CB-EF03950125F1}"
EndProject
Project("{2150E333-8FDC-42A3-9474-1A3956D46DE8}") = "Proxy", "Proxy", "{9A505883-E9B0-4F60-960C-84824DAFADA3}"
EndProject
Project("{2150E333-8FDC-42A3-9474-1A3956D46DE8}") = "Seguridad", "Seguridad", "{0A18541C-F450-4D63-9211-C97179AEFDAB}"
EndProject
Project("{2150E333-8FDC-42A3-9474-1A3956D46DE8}") = "Web", "Web", "{715097C8-AAB0-47C9-91D9-5D7C785361E4}"
EndProject
Project("{2150E333-8FDC-42A3-9474-1A3956D46DE8}") = "3.Dato", "3.Dato", "{ED72D475-D8B3-441A-B198-C1208382D31A}"
EndProject
Project("{2150E333-8FDC-42A3-9474-1A3956D46DE8}") = "4.Common", "4.Common", "{69D9F55D-286D-4C44-8240-71E67E1C2DAC}"
EndProject
Project("{FAE04EC0-301F-11D3-BF4B-00C04F79EFBC}") = "ServicioCommon", "ServicioCommon\ServicioCommon.csproj", "{B6D60741-D825-4FE6-A03F-E844CA4577DB}"
EndProject
Project("{2150E333-8FDC-42A3-9474-1A3956D46DE8}") = "5.Mensajeria", "5.Mensajeria", "{C4BCA22B-B86F-456A-B9F8-1457CA0B677F}"
EndProject
Project("{FAE04EC0-301F-11D3-BF4B-00C04F79EFBC}") = "MessageQueueProcessor", "Mensajeria\MessageQueueProcessor.csproj", "{6C5E74ED-3887-4D2A-B44F-5F3F0BD9FC44}"
EndProject
Project("{2150E333-8FDC-42A3-9474-1A3956D46DE8}") = "6.Test", "6.Test", "{D3DDF33F-5DB5-4CE0-B6B8-E47AECDDC76B}"
EndProject
Project("{FAE04EC0-301F-11D3-BF4B-00C04F79EFBC}") = "UnitTestMessageQueue", "UnitTestMessageQueue\UnitTestMessageQueue.csproj", "{2E3B9F84-2380-457D-8273-B5738FD4A86D}"
EndProject
Global
	GlobalSection(SolutionConfigurationPlatforms) = preSolution
		Debug|Any CPU = Debug|Any CPU
		Release|Any CPU = Release|Any CPU
	EndGlobalSection
	GlobalSection(ProjectConfigurationPlatforms) = postSolution
		{355A72B5-0937-4344-AA8B-69034FF6BDDE}.Debug|Any CPU.ActiveCfg = Debug|Any CPU
		{355A72B5-0937-4344-AA8B-69034FF6BDDE}.Debug|Any CPU.Build.0 = Debug|Any CPU
		{355A72B5-0937-4344-AA8B-69034FF6BDDE}.Release|Any CPU.ActiveCfg = Release|Any CPU
		{355A72B5-0937-4344-AA8B-69034FF6BDDE}.Release|Any CPU.Build.0 = Release|Any CPU
		{34C1F764-ACDB-4779-8BFC-6FA0C37B3BE7}.Debug|Any CPU.ActiveCfg = Debug|Any CPU
		{34C1F764-ACDB-4779-8BFC-6FA0C37B3BE7}.Debug|Any CPU.Build.0 = Debug|Any CPU
		{34C1F764-ACDB-4779-8BFC-6FA0C37B3BE7}.Release|Any CPU.ActiveCfg = Release|Any CPU
		{34C1F764-ACDB-4779-8BFC-6FA0C37B3BE7}.Release|Any CPU.Build.0 = Release|Any CPU
		{B400B9E5-FB75-4DEE-B010-8B99DE659558}.Debug|Any CPU.ActiveCfg = Debug|Any CPU
		{B400B9E5-FB75-4DEE-B010-8B99DE659558}.Debug|Any CPU.Build.0 = Debug|Any CPU
		{B400B9E5-FB75-4DEE-B010-8B99DE659558}.Release|Any CPU.ActiveCfg = Release|Any CPU
		{B400B9E5-FB75-4DEE-B010-8B99DE659558}.Release|Any CPU.Build.0 = Release|Any CPU
		{1D7A8E04-C43B-49A4-AD13-EFDC45658E15}.Debug|Any CPU.ActiveCfg = Debug|Any CPU
		{1D7A8E04-C43B-49A4-AD13-EFDC45658E15}.Debug|Any CPU.Build.0 = Debug|Any CPU
		{1D7A8E04-C43B-49A4-AD13-EFDC45658E15}.Release|Any CPU.ActiveCfg = Release|Any CPU
		{1D7A8E04-C43B-49A4-AD13-EFDC45658E15}.Release|Any CPU.Build.0 = Release|Any CPU
		{0745C667-B001-4E91-84D2-EA68B167BE30}.Debug|Any CPU.ActiveCfg = Debug|Any CPU
		{0745C667-B001-4E91-84D2-EA68B167BE30}.Debug|Any CPU.Build.0 = Debug|Any CPU
		{0745C667-B001-4E91-84D2-EA68B167BE30}.Release|Any CPU.ActiveCfg = Release|Any CPU
		{0745C667-B001-4E91-84D2-EA68B167BE30}.Release|Any CPU.Build.0 = Release|Any CPU
		{E3DB2A59-9D5E-4104-B801-467C4BFE4424}.Debug|Any CPU.ActiveCfg = Debug|Any CPU
		{E3DB2A59-9D5E-4104-B801-467C4BFE4424}.Debug|Any CPU.Build.0 = Debug|Any CPU
		{E3DB2A59-9D5E-4104-B801-467C4BFE4424}.Release|Any CPU.ActiveCfg = Release|Any CPU
		{E3DB2A59-9D5E-4104-B801-467C4BFE4424}.Release|Any CPU.Build.0 = Release|Any CPU
		{B6D60741-D825-4FE6-A03F-E844CA4577DB}.Debug|Any CPU.ActiveCfg = Debug|Any CPU
		{B6D60741-D825-4FE6-A03F-E844CA4577DB}.Debug|Any CPU.Build.0 = Debug|Any CPU
		{B6D60741-D825-4FE6-A03F-E844CA4577DB}.Release|Any CPU.ActiveCfg = Release|Any CPU
		{B6D60741-D825-4FE6-A03F-E844CA4577DB}.Release|Any CPU.Build.0 = Release|Any CPU
		{6C5E74ED-3887-4D2A-B44F-5F3F0BD9FC44}.Debug|Any CPU.ActiveCfg = Debug|Any CPU
		{6C5E74ED-3887-4D2A-B44F-5F3F0BD9FC44}.Debug|Any CPU.Build.0 = Debug|Any CPU
		{6C5E74ED-3887-4D2A-B44F-5F3F0BD9FC44}.Release|Any CPU.ActiveCfg = Release|Any CPU
		{6C5E74ED-3887-4D2A-B44F-5F3F0BD9FC44}.Release|Any CPU.Build.0 = Release|Any CPU
		{2E3B9F84-2380-457D-8273-B5738FD4A86D}.Debug|Any CPU.ActiveCfg = Debug|Any CPU
		{2E3B9F84-2380-457D-8273-B5738FD4A86D}.Debug|Any CPU.Build.0 = Debug|Any CPU
		{2E3B9F84-2380-457D-8273-B5738FD4A86D}.Release|Any CPU.ActiveCfg = Release|Any CPU
		{2E3B9F84-2380-457D-8273-B5738FD4A86D}.Release|Any CPU.Build.0 = Release|Any CPU
	EndGlobalSection
	GlobalSection(SolutionProperties) = preSolution
		HideSolutionNode = FALSE
	EndGlobalSection
	GlobalSection(NestedProjects) = preSolution
		{355A72B5-0937-4344-AA8B-69034FF6BDDE} = {8F010C20-8E0C-47D7-AAE1-53268C1173C5}
		{34C1F764-ACDB-4779-8BFC-6FA0C37B3BE7} = {ED72D475-D8B3-441A-B198-C1208382D31A}
		{B400B9E5-FB75-4DEE-B010-8B99DE659558} = {8F010C20-8E0C-47D7-AAE1-53268C1173C5}
		{1D7A8E04-C43B-49A4-AD13-EFDC45658E15} = {715097C8-AAB0-47C9-91D9-5D7C785361E4}
		{0745C667-B001-4E91-84D2-EA68B167BE30} = {0A18541C-F450-4D63-9211-C97179AEFDAB}
		{E3DB2A59-9D5E-4104-B801-467C4BFE4424} = {9A505883-E9B0-4F60-960C-84824DAFADA3}
		{9A505883-E9B0-4F60-960C-84824DAFADA3} = {BA372BCA-E7A3-4579-A4CB-EF03950125F1}
		{0A18541C-F450-4D63-9211-C97179AEFDAB} = {BA372BCA-E7A3-4579-A4CB-EF03950125F1}
		{715097C8-AAB0-47C9-91D9-5D7C785361E4} = {BA372BCA-E7A3-4579-A4CB-EF03950125F1}
		{B6D60741-D825-4FE6-A03F-E844CA4577DB} = {69D9F55D-286D-4C44-8240-71E67E1C2DAC}
		{6C5E74ED-3887-4D2A-B44F-5F3F0BD9FC44} = {C4BCA22B-B86F-456A-B9F8-1457CA0B677F}
		{2E3B9F84-2380-457D-8273-B5738FD4A86D} = {D3DDF33F-5DB5-4CE0-B6B8-E47AECDDC76B}
	EndGlobalSection
	GlobalSection(ExtensibilityGlobals) = postSolution
		SolutionGuid = {95ECEFF0-FB73-471F-920C-3832B5B78C54}
	EndGlobalSection
EndGlobal
